{
  "version": 4,
  "terraform_version": "1.9.2",
  "serial": 3,
  "lineage": "2e232d70-e9ba-adeb-0fe2-7bd0634848d9",
  "outputs": {},
  "resources": [
    {
      "mode": "data",
      "type": "spotify_search_track",
      "name": "Eminem",
      "provider": "provider[\"registry.terraform.io/conradludgate/spotify\"]",
      "instances": [
        {
          "schema_version": 0,
          "attributes": {
            "album": null,
            "artist": "Eminem",
            "explicit": true,
            "id": "1722012550",
            "limit": 10,
            "name": null,
            "tracks": [
              {
                "album": "6Xuu2z00jxRPZei4IJ9neK",
                "artists": [
                  "7dGJo4pcD2V6oG8kP0tJRR"
                ],
                "id": "2HYFX63wP3otVIvopRS99Z",
                "name": "Houdini"
              },
              {
                "album": "3kjHLu1pL7tdY88GFwEkl6",
                "artists": [
                  "7dGJo4pcD2V6oG8kP0tJRR"
                ],
                "id": "1CDQzbCz4KSQxHe7LMEgRM",
                "name": "Houdini"
              },
              {
                "album": "3kjHLu1pL7tdY88GFwEkl6",
                "artists": [
                  "7dGJo4pcD2V6oG8kP0tJRR",
                  "19k8AgwwTSxeaxkOuCQEJs"
                ],
                "id": "4HMUrFl8y6rQCzEbaGEkcj",
                "name": "Somebody Save Me"
              },
              {
                "album": "3kjHLu1pL7tdY88GFwEkl6",
                "artists": [
                  "7dGJo4pcD2V6oG8kP0tJRR",
                  "79KQgTCu4wV38ECYKn62DZ"
                ],
                "id": "7I3RalBqE7ZE0RSxgGlGlm",
                "name": "Habits"
              },
              {
                "album": "3kjHLu1pL7tdY88GFwEkl6",
                "artists": [
                  "7dGJo4pcD2V6oG8kP0tJRR"
                ],
                "id": "21LCotDEwR7R8qOnqPVzi9",
                "name": "Evil"
              },
              {
                "album": "3kjHLu1pL7tdY88GFwEkl6",
                "artists": [
                  "7dGJo4pcD2V6oG8kP0tJRR",
                  "7LzTBVNarOeaDXFdzOugAI"
                ],
                "id": "50No7LiVffAJCWIChZodmU",
                "name": "Lucifer"
              },
              {
                "album": "3kjHLu1pL7tdY88GFwEkl6",
                "artists": [
                  "7dGJo4pcD2V6oG8kP0tJRR",
                  "6U3ybJ9UHNKEdsH7ktGBZ7"
                ],
                "id": "5In8B6Om5OKrhwBMB4tXSi",
                "name": "Fuel"
              },
              {
                "album": "3kjHLu1pL7tdY88GFwEkl6",
                "artists": [
                  "7dGJo4pcD2V6oG8kP0tJRR"
                ],
                "id": "77pfjsq0gSZwO8bYVTVROo",
                "name": "Brand New Dance"
              },
              {
                "album": "3kjHLu1pL7tdY88GFwEkl6",
                "artists": [
                  "7dGJo4pcD2V6oG8kP0tJRR"
                ],
                "id": "59151GHN7yr5g9B3bqlGdR",
                "name": "Trouble"
              },
              {
                "album": "3kjHLu1pL7tdY88GFwEkl6",
                "artists": [
                  "7dGJo4pcD2V6oG8kP0tJRR"
                ],
                "id": "55u5QIlEuzCipJBtZPdJio",
                "name": "Renaissance"
              }
            ],
            "year": null
          },
          "sensitive_attributes": []
        }
      ]
    },
    {
      "mode": "managed",
      "type": "spotify_playlist",
      "name": "Bollywood",
      "provider": "provider[\"registry.terraform.io/conradludgate/spotify\"]",
      "instances": [
        {
          "schema_version": 0,
          "attributes": {
            "description": "",
            "id": "0K74zOYiPKvUEn6jFiKa4x",
            "name": "Bollywood",
            "public": true,
            "snapshot_id": "AAAAAhoRfXqt2h75f7NWN9UeHK6eHbGc",
            "tracks": [
              "131yybV7A3TmC34a0qE8u8"
            ]
          },
          "sensitive_attributes": [],
          "private": "bnVsbA=="
        }
      ]
    },
    {
      "mode": "managed",
      "type": "spotify_playlist",
      "name": "slimShady",
      "provider": "provider[\"registry.terraform.io/conradludgate/spotify\"]",
      "instances": [
        {
          "schema_version": 0,
          "attributes": {
            "description": null,
            "id": "1a72AP4tVY8aRlYSh5N4Xy",
            "name": "Slim Shady",
            "public": true,
            "snapshot_id": "AAAAAi4S668qSdZq2YFlVAgl2qu0OLyh",
            "tracks": [
              "2HYFX63wP3otVIvopRS99Z",
              "1CDQzbCz4KSQxHe7LMEgRM",
              "4HMUrFl8y6rQCzEbaGEkcj"
            ]
          },
          "sensitive_attributes": [],
          "private": "bnVsbA==",
          "dependencies": [
            "data.spotify_search_track.Eminem"
          ]
        }
      ]
    }
  ],
  "check_results": null
}
